// !$*UTF8*$!
{
	archiveVersion = 1;
	classes = {
	};
	objectVersion = 56;
	objects = {

/* Begin PBXBuildFile section */
		5C96CE8F7A2EA2C77A59DF8E /* Pods_MeliProject.framework in Frameworks */ = {isa = PBXBuildFile; fileRef = E6D9FB21F7E5D590F393C74C /* Pods_MeliProject.framework */; };
		86E34132AAA168161CD2377B /* Pods_MeliProjectTests.framework in Frameworks */ = {isa = PBXBuildFile; fileRef = 714DE6BE4EF6329FD0756412 /* Pods_MeliProjectTests.framework */; };
		B94D72E0CAE876D9ACE2CE11 /* Pods_MeliProject_MeliProjectUITests.framework in Frameworks */ = {isa = PBXBuildFile; fileRef = 90A4EFFC6E5307BB56605EE6 /* Pods_MeliProject_MeliProjectUITests.framework */; };
		E85C1B6B2C2708A3000D4A41 /* DashboardView.swift in Sources */ = {isa = PBXBuildFile; fileRef = E85C1B6A2C2708A3000D4A41 /* DashboardView.swift */; };
		E85C1B6D2C2708F7000D4A41 /* ProductModel.swift in Sources */ = {isa = PBXBuildFile; fileRef = E85C1B6C2C2708F7000D4A41 /* ProductModel.swift */; };
		E85C1B6F2C270B79000D4A41 /* ProductRowView.swift in Sources */ = {isa = PBXBuildFile; fileRef = E85C1B6E2C270B79000D4A41 /* ProductRowView.swift */; };
		E85C1B712C270DED000D4A41 /* DashboardViewModel.swift in Sources */ = {isa = PBXBuildFile; fileRef = E85C1B702C270DED000D4A41 /* DashboardViewModel.swift */; };
		E85C1B732C270EA0000D4A41 /* DataResquestExtension.swift in Sources */ = {isa = PBXBuildFile; fileRef = E85C1B722C270EA0000D4A41 /* DataResquestExtension.swift */; };
		E85C1B752C270EDC000D4A41 /* ErrorCustom.swift in Sources */ = {isa = PBXBuildFile; fileRef = E85C1B742C270EDC000D4A41 /* ErrorCustom.swift */; };
		E85C1B782C270F51000D4A41 /* ListProductsService.swift in Sources */ = {isa = PBXBuildFile; fileRef = E85C1B772C270F51000D4A41 /* ListProductsService.swift */; };
		E85C1B7A2C271050000D4A41 /* ProductResponse.swift in Sources */ = {isa = PBXBuildFile; fileRef = E85C1B792C271050000D4A41 /* ProductResponse.swift */; };
		E86058522C26324F0065BFBB /* MeliProjectApp.swift in Sources */ = {isa = PBXBuildFile; fileRef = E86058512C26324F0065BFBB /* MeliProjectApp.swift */; };
		E86058542C26324F0065BFBB /* ContentView.swift in Sources */ = {isa = PBXBuildFile; fileRef = E86058532C26324F0065BFBB /* ContentView.swift */; };
		E86058562C2632500065BFBB /* Assets.xcassets in Resources */ = {isa = PBXBuildFile; fileRef = E86058552C2632500065BFBB /* Assets.xcassets */; };
		E86058592C2632500065BFBB /* Preview Assets.xcassets in Resources */ = {isa = PBXBuildFile; fileRef = E86058582C2632500065BFBB /* Preview Assets.xcassets */; };
		E86058632C2632500065BFBB /* MeliProjectTests.swift in Sources */ = {isa = PBXBuildFile; fileRef = E86058622C2632500065BFBB /* MeliProjectTests.swift */; };
		E860586D2C2632500065BFBB /* MeliProjectUITests.swift in Sources */ = {isa = PBXBuildFile; fileRef = E860586C2C2632500065BFBB /* MeliProjectUITests.swift */; };
		E860586F2C2632500065BFBB /* MeliProjectUITestsLaunchTests.swift in Sources */ = {isa = PBXBuildFile; fileRef = E860586E2C2632500065BFBB /* MeliProjectUITestsLaunchTests.swift */; };
		E8CECE302C26371F003B1E7E /* WsRequestInterceptor.swift in Sources */ = {isa = PBXBuildFile; fileRef = E8CECE2F2C26371F003B1E7E /* WsRequestInterceptor.swift */; };
		E8CECE342C263959003B1E7E /* Endpoints.swift in Sources */ = {isa = PBXBuildFile; fileRef = E8CECE332C263959003B1E7E /* Endpoints.swift */; };
/* End PBXBuildFile section */

/* Begin PBXContainerItemProxy section */
		E860585F2C2632500065BFBB /* PBXContainerItemProxy */ = {
			isa = PBXContainerItemProxy;
			containerPortal = E86058462C26324F0065BFBB /* Project object */;
			proxyType = 1;
			remoteGlobalIDString = E860584D2C26324F0065BFBB;
			remoteInfo = MeliProject;
		};
		E86058692C2632500065BFBB /* PBXContainerItemProxy */ = {
			isa = PBXContainerItemProxy;
			containerPortal = E86058462C26324F0065BFBB /* Project object */;
			proxyType = 1;
			remoteGlobalIDString = E860584D2C26324F0065BFBB;
			remoteInfo = MeliProject;
		};
/* End PBXContainerItemProxy section */

/* Begin PBXFileReference section */
		27895B1B763581EF7A95F669 /* Pods-MeliProject.release.xcconfig */ = {isa = PBXFileReference; includeInIndex = 1; lastKnownFileType = text.xcconfig; name = "Pods-MeliProject.release.xcconfig"; path = "Target Support Files/Pods-MeliProject/Pods-MeliProject.release.xcconfig"; sourceTree = "<group>"; };
		714DE6BE4EF6329FD0756412 /* Pods_MeliProjectTests.framework */ = {isa = PBXFileReference; explicitFileType = wrapper.framework; includeInIndex = 0; path = Pods_MeliProjectTests.framework; sourceTree = BUILT_PRODUCTS_DIR; };
		7E6C482FCD3C543897FB4463 /* Pods-MeliProject-MeliProjectUITests.debug.xcconfig */ = {isa = PBXFileReference; includeInIndex = 1; lastKnownFileType = text.xcconfig; name = "Pods-MeliProject-MeliProjectUITests.debug.xcconfig"; path = "Target Support Files/Pods-MeliProject-MeliProjectUITests/Pods-MeliProject-MeliProjectUITests.debug.xcconfig"; sourceTree = "<group>"; };
		90A4EFFC6E5307BB56605EE6 /* Pods_MeliProject_MeliProjectUITests.framework */ = {isa = PBXFileReference; explicitFileType = wrapper.framework; includeInIndex = 0; path = Pods_MeliProject_MeliProjectUITests.framework; sourceTree = BUILT_PRODUCTS_DIR; };
		BBBE6332A08BCCCF297224BA /* Pods-MeliProject.debug.xcconfig */ = {isa = PBXFileReference; includeInIndex = 1; lastKnownFileType = text.xcconfig; name = "Pods-MeliProject.debug.xcconfig"; path = "Target Support Files/Pods-MeliProject/Pods-MeliProject.debug.xcconfig"; sourceTree = "<group>"; };
		C6E45E9C5F855DFE83456E1D /* Pods-MeliProjectTests.release.xcconfig */ = {isa = PBXFileReference; includeInIndex = 1; lastKnownFileType = text.xcconfig; name = "Pods-MeliProjectTests.release.xcconfig"; path = "Target Support Files/Pods-MeliProjectTests/Pods-MeliProjectTests.release.xcconfig"; sourceTree = "<group>"; };
		E6D9FB21F7E5D590F393C74C /* Pods_MeliProject.framework */ = {isa = PBXFileReference; explicitFileType = wrapper.framework; includeInIndex = 0; path = Pods_MeliProject.framework; sourceTree = BUILT_PRODUCTS_DIR; };
		E74C22ECAD32BE5CC10E949C /* Pods-MeliProject-MeliProjectUITests.release.xcconfig */ = {isa = PBXFileReference; includeInIndex = 1; lastKnownFileType = text.xcconfig; name = "Pods-MeliProject-MeliProjectUITests.release.xcconfig"; path = "Target Support Files/Pods-MeliProject-MeliProjectUITests/Pods-MeliProject-MeliProjectUITests.release.xcconfig"; sourceTree = "<group>"; };
		E85C1B6A2C2708A3000D4A41 /* DashboardView.swift */ = {isa = PBXFileReference; lastKnownFileType = sourcecode.swift; path = DashboardView.swift; sourceTree = "<group>"; };
		E85C1B6C2C2708F7000D4A41 /* ProductModel.swift */ = {isa = PBXFileReference; lastKnownFileType = sourcecode.swift; path = ProductModel.swift; sourceTree = "<group>"; };
		E85C1B6E2C270B79000D4A41 /* ProductRowView.swift */ = {isa = PBXFileReference; lastKnownFileType = sourcecode.swift; path = ProductRowView.swift; sourceTree = "<group>"; };
		E85C1B702C270DED000D4A41 /* DashboardViewModel.swift */ = {isa = PBXFileReference; lastKnownFileType = sourcecode.swift; path = DashboardViewModel.swift; sourceTree = "<group>"; };
		E85C1B722C270EA0000D4A41 /* DataResquestExtension.swift */ = {isa = PBXFileReference; lastKnownFileType = sourcecode.swift; path = DataResquestExtension.swift; sourceTree = "<group>"; };
		E85C1B742C270EDC000D4A41 /* ErrorCustom.swift */ = {isa = PBXFileReference; lastKnownFileType = sourcecode.swift; path = ErrorCustom.swift; sourceTree = "<group>"; };
		E85C1B772C270F51000D4A41 /* ListProductsService.swift */ = {isa = PBXFileReference; lastKnownFileType = sourcecode.swift; path = ListProductsService.swift; sourceTree = "<group>"; };
		E85C1B792C271050000D4A41 /* ProductResponse.swift */ = {isa = PBXFileReference; lastKnownFileType = sourcecode.swift; path = ProductResponse.swift; sourceTree = "<group>"; };
		E860584E2C26324F0065BFBB /* MeliProject.app */ = {isa = PBXFileReference; explicitFileType = wrapper.application; includeInIndex = 0; path = MeliProject.app; sourceTree = BUILT_PRODUCTS_DIR; };
		E86058512C26324F0065BFBB /* MeliProjectApp.swift */ = {isa = PBXFileReference; lastKnownFileType = sourcecode.swift; path = MeliProjectApp.swift; sourceTree = "<group>"; };
		E86058532C26324F0065BFBB /* ContentView.swift */ = {isa = PBXFileReference; lastKnownFileType = sourcecode.swift; path = ContentView.swift; sourceTree = "<group>"; };
		E86058552C2632500065BFBB /* Assets.xcassets */ = {isa = PBXFileReference; lastKnownFileType = folder.assetcatalog; path = Assets.xcassets; sourceTree = "<group>"; };
		E86058582C2632500065BFBB /* Preview Assets.xcassets */ = {isa = PBXFileReference; lastKnownFileType = folder.assetcatalog; path = "Preview Assets.xcassets"; sourceTree = "<group>"; };
		E860585E2C2632500065BFBB /* MeliProjectTests.xctest */ = {isa = PBXFileReference; explicitFileType = wrapper.cfbundle; includeInIndex = 0; path = MeliProjectTests.xctest; sourceTree = BUILT_PRODUCTS_DIR; };
		E86058622C2632500065BFBB /* MeliProjectTests.swift */ = {isa = PBXFileReference; lastKnownFileType = sourcecode.swift; path = MeliProjectTests.swift; sourceTree = "<group>"; };
		E86058682C2632500065BFBB /* MeliProjectUITests.xctest */ = {isa = PBXFileReference; explicitFileType = wrapper.cfbundle; includeInIndex = 0; path = MeliProjectUITests.xctest; sourceTree = BUILT_PRODUCTS_DIR; };
		E860586C2C2632500065BFBB /* MeliProjectUITests.swift */ = {isa = PBXFileReference; lastKnownFileType = sourcecode.swift; path = MeliProjectUITests.swift; sourceTree = "<group>"; };
		E860586E2C2632500065BFBB /* MeliProjectUITestsLaunchTests.swift */ = {isa = PBXFileReference; lastKnownFileType = sourcecode.swift; path = MeliProjectUITestsLaunchTests.swift; sourceTree = "<group>"; };
		E8CECE2F2C26371F003B1E7E /* WsRequestInterceptor.swift */ = {isa = PBXFileReference; lastKnownFileType = sourcecode.swift; path = WsRequestInterceptor.swift; sourceTree = "<group>"; };
		E8CECE332C263959003B1E7E /* Endpoints.swift */ = {isa = PBXFileReference; lastKnownFileType = sourcecode.swift; path = Endpoints.swift; sourceTree = "<group>"; };
		FB3AE69C7FE7A6FBCB0C0F7B /* Pods-MeliProjectTests.debug.xcconfig */ = {isa = PBXFileReference; includeInIndex = 1; lastKnownFileType = text.xcconfig; name = "Pods-MeliProjectTests.debug.xcconfig"; path = "Target Support Files/Pods-MeliProjectTests/Pods-MeliProjectTests.debug.xcconfig"; sourceTree = "<group>"; };
/* End PBXFileReference section */

/* Begin PBXFrameworksBuildPhase section */
		E860584B2C26324F0065BFBB /* Frameworks */ = {
			isa = PBXFrameworksBuildPhase;
			buildActionMask = 2147483647;
			files = (
				5C96CE8F7A2EA2C77A59DF8E /* Pods_MeliProject.framework in Frameworks */,
			);
			runOnlyForDeploymentPostprocessing = 0;
		};
		E860585B2C2632500065BFBB /* Frameworks */ = {
			isa = PBXFrameworksBuildPhase;
			buildActionMask = 2147483647;
			files = (
				86E34132AAA168161CD2377B /* Pods_MeliProjectTests.framework in Frameworks */,
			);
			runOnlyForDeploymentPostprocessing = 0;
		};
		E86058652C2632500065BFBB /* Frameworks */ = {
			isa = PBXFrameworksBuildPhase;
			buildActionMask = 2147483647;
			files = (
				B94D72E0CAE876D9ACE2CE11 /* Pods_MeliProject_MeliProjectUITests.framework in Frameworks */,
			);
			runOnlyForDeploymentPostprocessing = 0;
		};
/* End PBXFrameworksBuildPhase section */

/* Begin PBXGroup section */
		08177D995F5BE841D84EA01B /* Pods */ = {
			isa = PBXGroup;
			children = (
				BBBE6332A08BCCCF297224BA /* Pods-MeliProject.debug.xcconfig */,
				27895B1B763581EF7A95F669 /* Pods-MeliProject.release.xcconfig */,
				7E6C482FCD3C543897FB4463 /* Pods-MeliProject-MeliProjectUITests.debug.xcconfig */,
				E74C22ECAD32BE5CC10E949C /* Pods-MeliProject-MeliProjectUITests.release.xcconfig */,
				FB3AE69C7FE7A6FBCB0C0F7B /* Pods-MeliProjectTests.debug.xcconfig */,
				C6E45E9C5F855DFE83456E1D /* Pods-MeliProjectTests.release.xcconfig */,
			);
			path = Pods;
			sourceTree = "<group>";
		};
		3FD6824A4598AE21460A0D36 /* Frameworks */ = {
			isa = PBXGroup;
			children = (
				E6D9FB21F7E5D590F393C74C /* Pods_MeliProject.framework */,
				90A4EFFC6E5307BB56605EE6 /* Pods_MeliProject_MeliProjectUITests.framework */,
				714DE6BE4EF6329FD0756412 /* Pods_MeliProjectTests.framework */,
			);
			name = Frameworks;
			sourceTree = "<group>";
		};
		E85C1B672C270834000D4A41 /* App */ = {
			isa = PBXGroup;
			children = (
				E86058512C26324F0065BFBB /* MeliProjectApp.swift */,
				E86058532C26324F0065BFBB /* ContentView.swift */,
			);
			path = App;
			sourceTree = "<group>";
		};
		E85C1B762C270F44000D4A41 /* Services */ = {
			isa = PBXGroup;
			children = (
				E85C1B772C270F51000D4A41 /* ListProductsService.swift */,
			);
			path = Services;
			sourceTree = "<group>";
		};
		E86058452C26324F0065BFBB = {
			isa = PBXGroup;
			children = (
				E86058502C26324F0065BFBB /* MeliProject */,
				E86058612C2632500065BFBB /* MeliProjectTests */,
				E860586B2C2632500065BFBB /* MeliProjectUITests */,
				E860584F2C26324F0065BFBB /* Products */,
				08177D995F5BE841D84EA01B /* Pods */,
				3FD6824A4598AE21460A0D36 /* Frameworks */,
			);
			sourceTree = "<group>";
		};
		E860584F2C26324F0065BFBB /* Products */ = {
			isa = PBXGroup;
			children = (
				E860584E2C26324F0065BFBB /* MeliProject.app */,
				E860585E2C2632500065BFBB /* MeliProjectTests.xctest */,
				E86058682C2632500065BFBB /* MeliProjectUITests.xctest */,
			);
			name = Products;
			sourceTree = "<group>";
		};
		E86058502C26324F0065BFBB /* MeliProject */ = {
			isa = PBXGroup;
			children = (
				E85C1B672C270834000D4A41 /* App */,
				E860587D2C2632860065BFBB /* View */,
				E860587C2C26327B0065BFBB /* ViewModel */,
				E860587B2C2632720065BFBB /* Model */,
				E86058552C2632500065BFBB /* Assets.xcassets */,
				E86058572C2632500065BFBB /* Preview Content */,
			);
			path = MeliProject;
			sourceTree = "<group>";
		};
		E86058572C2632500065BFBB /* Preview Content */ = {
			isa = PBXGroup;
			children = (
				E86058582C2632500065BFBB /* Preview Assets.xcassets */,
			);
			path = "Preview Content";
			sourceTree = "<group>";
		};
		E86058612C2632500065BFBB /* MeliProjectTests */ = {
			isa = PBXGroup;
			children = (
				E86058622C2632500065BFBB /* MeliProjectTests.swift */,
			);
			path = MeliProjectTests;
			sourceTree = "<group>";
		};
		E860586B2C2632500065BFBB /* MeliProjectUITests */ = {
			isa = PBXGroup;
			children = (
				E860586C2C2632500065BFBB /* MeliProjectUITests.swift */,
				E860586E2C2632500065BFBB /* MeliProjectUITestsLaunchTests.swift */,
			);
			path = MeliProjectUITests;
			sourceTree = "<group>";
		};
		E860587B2C2632720065BFBB /* Model */ = {
			isa = PBXGroup;
			children = (
				E8CECE2E2C26363F003B1E7E /* WebService */,
				E85C1B6C2C2708F7000D4A41 /* ProductModel.swift */,
				E85C1B742C270EDC000D4A41 /* ErrorCustom.swift */,
				E85C1B792C271050000D4A41 /* ProductResponse.swift */,
			);
			path = Model;
			sourceTree = "<group>";
		};
		E860587C2C26327B0065BFBB /* ViewModel */ = {
			isa = PBXGroup;
			children = (
				E85C1B702C270DED000D4A41 /* DashboardViewModel.swift */,
			);
			path = ViewModel;
			sourceTree = "<group>";
		};
		E860587D2C2632860065BFBB /* View */ = {
			isa = PBXGroup;
			children = (
				E85C1B6A2C2708A3000D4A41 /* DashboardView.swift */,
				E85C1B6E2C270B79000D4A41 /* ProductRowView.swift */,
			);
			path = View;
			sourceTree = "<group>";
		};
		E8CECE2E2C26363F003B1E7E /* WebService */ = {
			isa = PBXGroup;
			children = (
				E85C1B762C270F44000D4A41 /* Services */,
				E8CECE2F2C26371F003B1E7E /* WsRequestInterceptor.swift */,
				E8CECE332C263959003B1E7E /* Endpoints.swift */,
				E85C1B722C270EA0000D4A41 /* DataResquestExtension.swift */,
			);
			path = WebService;
			sourceTree = "<group>";
		};
/* End PBXGroup section */

/* Begin PBXNativeTarget section */
		E860584D2C26324F0065BFBB /* MeliProject */ = {
			isa = PBXNativeTarget;
			buildConfigurationList = E86058722C2632500065BFBB /* Build configuration list for PBXNativeTarget "MeliProject" */;
			buildPhases = (
				51AE8A0A60E6A685902E446E /* [CP] Check Pods Manifest.lock */,
				E860584A2C26324F0065BFBB /* Sources */,
				E860584B2C26324F0065BFBB /* Frameworks */,
				E860584C2C26324F0065BFBB /* Resources */,
				A89D1668B444893F2479FF1E /* [CP] Embed Pods Frameworks */,
			);
			buildRules = (
			);
			dependencies = (
			);
			name = MeliProject;
			productName = MeliProject;
			productReference = E860584E2C26324F0065BFBB /* MeliProject.app */;
			productType = "com.apple.product-type.application";
		};
		E860585D2C2632500065BFBB /* MeliProjectTests */ = {
			isa = PBXNativeTarget;
			buildConfigurationList = E86058752C2632500065BFBB /* Build configuration list for PBXNativeTarget "MeliProjectTests" */;
			buildPhases = (
				2E4EA972F924DA4552CEF24B /* [CP] Check Pods Manifest.lock */,
				E860585A2C2632500065BFBB /* Sources */,
				E860585B2C2632500065BFBB /* Frameworks */,
				E860585C2C2632500065BFBB /* Resources */,
			);
			buildRules = (
			);
			dependencies = (
				E86058602C2632500065BFBB /* PBXTargetDependency */,
			);
			name = MeliProjectTests;
			productName = MeliProjectTests;
			productReference = E860585E2C2632500065BFBB /* MeliProjectTests.xctest */;
			productType = "com.apple.product-type.bundle.unit-test";
		};
		E86058672C2632500065BFBB /* MeliProjectUITests */ = {
			isa = PBXNativeTarget;
			buildConfigurationList = E86058782C2632500065BFBB /* Build configuration list for PBXNativeTarget "MeliProjectUITests" */;
			buildPhases = (
				051EC5D9A4189B8C5BE1602B /* [CP] Check Pods Manifest.lock */,
				E86058642C2632500065BFBB /* Sources */,
				E86058652C2632500065BFBB /* Frameworks */,
				E86058662C2632500065BFBB /* Resources */,
				192F06D837043211F902D8F1 /* [CP] Embed Pods Frameworks */,
			);
			buildRules = (
			);
			dependencies = (
				E860586A2C2632500065BFBB /* PBXTargetDependency */,
			);
			name = MeliProjectUITests;
			productName = MeliProjectUITests;
			productReference = E86058682C2632500065BFBB /* MeliProjectUITests.xctest */;
			productType = "com.apple.product-type.bundle.ui-testing";
		};
/* End PBXNativeTarget section */

/* Begin PBXProject section */
		E86058462C26324F0065BFBB /* Project object */ = {
			isa = PBXProject;
			attributes = {
				BuildIndependentTargetsInParallel = 1;
				LastSwiftUpdateCheck = 1430;
				LastUpgradeCheck = 1430;
				TargetAttributes = {
					E860584D2C26324F0065BFBB = {
						CreatedOnToolsVersion = 14.3.1;
					};
					E860585D2C2632500065BFBB = {
						CreatedOnToolsVersion = 14.3.1;
						TestTargetID = E860584D2C26324F0065BFBB;
					};
					E86058672C2632500065BFBB = {
						CreatedOnToolsVersion = 14.3.1;
						TestTargetID = E860584D2C26324F0065BFBB;
					};
				};
			};
			buildConfigurationList = E86058492C26324F0065BFBB /* Build configuration list for PBXProject "MeliProject" */;
			compatibilityVersion = "Xcode 14.0";
			developmentRegion = en;
			hasScannedForEncodings = 0;
			knownRegions = (
				en,
				Base,
			);
			mainGroup = E86058452C26324F0065BFBB;
			productRefGroup = E860584F2C26324F0065BFBB /* Products */;
			projectDirPath = "";
			projectRoot = "";
			targets = (
				E860584D2C26324F0065BFBB /* MeliProject */,
				E860585D2C2632500065BFBB /* MeliProjectTests */,
				E86058672C2632500065BFBB /* MeliProjectUITests */,
			);
		};
/* End PBXProject section */

/* Begin PBXResourcesBuildPhase section */
		E860584C2C26324F0065BFBB /* Resources */ = {
			isa = PBXResourcesBuildPhase;
			buildActionMask = 2147483647;
			files = (
				E86058592C2632500065BFBB /* Preview Assets.xcassets in Resources */,
				E86058562C2632500065BFBB /* Assets.xcassets in Resources */,
			);
			runOnlyForDeploymentPostprocessing = 0;
		};
		E860585C2C2632500065BFBB /* Resources */ = {
			isa = PBXResourcesBuildPhase;
			buildActionMask = 2147483647;
			files = (
			);
			runOnlyForDeploymentPostprocessing = 0;
		};
		E86058662C2632500065BFBB /* Resources */ = {
			isa = PBXResourcesBuildPhase;
			buildActionMask = 2147483647;
			files = (
			);
			runOnlyForDeploymentPostprocessing = 0;
		};
/* End PBXResourcesBuildPhase section */

/* Begin PBXShellScriptBuildPhase section */
		051EC5D9A4189B8C5BE1602B /* [CP] Check Pods Manifest.lock */ = {
			isa = PBXShellScriptBuildPhase;
			buildActionMask = 2147483647;
			files = (
			);
			inputFileListPaths = (
			);
			inputPaths = (
				"${PODS_PODFILE_DIR_PATH}/Podfile.lock",
				"${PODS_ROOT}/Manifest.lock",
			);
			name = "[CP] Check Pods Manifest.lock";
			outputFileListPaths = (
			);
			outputPaths = (
				"$(DERIVED_FILE_DIR)/Pods-MeliProject-MeliProjectUITests-checkManifestLockResult.txt",
			);
			runOnlyForDeploymentPostprocessing = 0;
			shellPath = /bin/sh;
			shellScript = "diff \"${PODS_PODFILE_DIR_PATH}/Podfile.lock\" \"${PODS_ROOT}/Manifest.lock\" > /dev/null\nif [ $? != 0 ] ; then\n    # print error to STDERR\n    echo \"error: The sandbox is not in sync with the Podfile.lock. Run 'pod install' or update your CocoaPods installation.\" >&2\n    exit 1\nfi\n# This output is used by Xcode 'outputs' to avoid re-running this script phase.\necho \"SUCCESS\" > \"${SCRIPT_OUTPUT_FILE_0}\"\n";
			showEnvVarsInLog = 0;
		};
		192F06D837043211F902D8F1 /* [CP] Embed Pods Frameworks */ = {
			isa = PBXShellScriptBuildPhase;
			buildActionMask = 2147483647;
			files = (
			);
			inputFileListPaths = (
				"${PODS_ROOT}/Target Support Files/Pods-MeliProject-MeliProjectUITests/Pods-MeliProject-MeliProjectUITests-frameworks-${CONFIGURATION}-input-files.xcfilelist",
			);
			name = "[CP] Embed Pods Frameworks";
			outputFileListPaths = (
				"${PODS_ROOT}/Target Support Files/Pods-MeliProject-MeliProjectUITests/Pods-MeliProject-MeliProjectUITests-frameworks-${CONFIGURATION}-output-files.xcfilelist",
			);
			runOnlyForDeploymentPostprocessing = 0;
			shellPath = /bin/sh;
			shellScript = "\"${PODS_ROOT}/Target Support Files/Pods-MeliProject-MeliProjectUITests/Pods-MeliProject-MeliProjectUITests-frameworks.sh\"\n";
			showEnvVarsInLog = 0;
		};
		2E4EA972F924DA4552CEF24B /* [CP] Check Pods Manifest.lock */ = {
			isa = PBXShellScriptBuildPhase;
			buildActionMask = 2147483647;
			files = (
			);
			inputFileListPaths = (
			);
			inputPaths = (
				"${PODS_PODFILE_DIR_PATH}/Podfile.lock",
				"${PODS_ROOT}/Manifest.lock",
			);
			name = "[CP] Check Pods Manifest.lock";
			outputFileListPaths = (
			);
			outputPaths = (
				"$(DERIVED_FILE_DIR)/Pods-MeliProjectTests-checkManifestLockResult.txt",
			);
			runOnlyForDeploymentPostprocessing = 0;
			shellPath = /bin/sh;
			shellScript = "diff \"${PODS_PODFILE_DIR_PATH}/Podfile.lock\" \"${PODS_ROOT}/Manifest.lock\" > /dev/null\nif [ $? != 0 ] ; then\n    # print error to STDERR\n    echo \"error: The sandbox is not in sync with the Podfile.lock. Run 'pod install' or update your CocoaPods installation.\" >&2\n    exit 1\nfi\n# This output is used by Xcode 'outputs' to avoid re-running this script phase.\necho \"SUCCESS\" > \"${SCRIPT_OUTPUT_FILE_0}\"\n";
			showEnvVarsInLog = 0;
		};
		51AE8A0A60E6A685902E446E /* [CP] Check Pods Manifest.lock */ = {
			isa = PBXShellScriptBuildPhase;
			buildActionMask = 2147483647;
			files = (
			);
			inputFileListPaths = (
			);
			inputPaths = (
				"${PODS_PODFILE_DIR_PATH}/Podfile.lock",
				"${PODS_ROOT}/Manifest.lock",
			);
			name = "[CP] Check Pods Manifest.lock";
			outputFileListPaths = (
			);
			outputPaths = (
				"$(DERIVED_FILE_DIR)/Pods-MeliProject-checkManifestLockResult.txt",
			);
			runOnlyForDeploymentPostprocessing = 0;
			shellPath = /bin/sh;
			shellScript = "diff \"${PODS_PODFILE_DIR_PATH}/Podfile.lock\" \"${PODS_ROOT}/Manifest.lock\" > /dev/null\nif [ $? != 0 ] ; then\n    # print error to STDERR\n    echo \"error: The sandbox is not in sync with the Podfile.lock. Run 'pod install' or update your CocoaPods installation.\" >&2\n    exit 1\nfi\n# This output is used by Xcode 'outputs' to avoid re-running this script phase.\necho \"SUCCESS\" > \"${SCRIPT_OUTPUT_FILE_0}\"\n";
			showEnvVarsInLog = 0;
		};
		A89D1668B444893F2479FF1E /* [CP] Embed Pods Frameworks */ = {
			isa = PBXShellScriptBuildPhase;
			buildActionMask = 2147483647;
			files = (
			);
			inputFileListPaths = (
				"${PODS_ROOT}/Target Support Files/Pods-MeliProject/Pods-MeliProject-frameworks-${CONFIGURATION}-input-files.xcfilelist",
			);
			name = "[CP] Embed Pods Frameworks";
			outputFileListPaths = (
				"${PODS_ROOT}/Target Support Files/Pods-MeliProject/Pods-MeliProject-frameworks-${CONFIGURATION}-output-files.xcfilelist",
			);
			runOnlyForDeploymentPostprocessing = 0;
			shellPath = /bin/sh;
			shellScript = "\"${PODS_ROOT}/Target Support Files/Pods-MeliProject/Pods-MeliProject-frameworks.sh\"\n";
			showEnvVarsInLog = 0;
		};
/* End PBXShellScriptBuildPhase section */

/* Begin PBXSourcesBuildPhase section */
		E860584A2C26324F0065BFBB /* Sources */ = {
			isa = PBXSourcesBuildPhase;
			buildActionMask = 2147483647;
			files = (
				E85C1B7A2C271050000D4A41 /* ProductResponse.swift in Sources */,
				E86058542C26324F0065BFBB /* ContentView.swift in Sources */,
				E85C1B6D2C2708F7000D4A41 /* ProductModel.swift in Sources */,
				E8CECE302C26371F003B1E7E /* WsRequestInterceptor.swift in Sources */,
				E85C1B782C270F51000D4A41 /* ListProductsService.swift in Sources */,
				E85C1B732C270EA0000D4A41 /* DataResquestExtension.swift in Sources */,
				E85C1B6F2C270B79000D4A41 /* ProductRowView.swift in Sources */,
				E85C1B6B2C2708A3000D4A41 /* DashboardView.swift in Sources */,
				E8CECE342C263959003B1E7E /* Endpoints.swift in Sources */,
				E86058522C26324F0065BFBB /* MeliProjectApp.swift in Sources */,
				E85C1B712C270DED000D4A41 /* DashboardViewModel.swift in Sources */,
				E85C1B752C270EDC000D4A41 /* ErrorCustom.swift in Sources */,
			);
			runOnlyForDeploymentPostprocessing = 0;
		};
		E860585A2C2632500065BFBB /* Sources */ = {
			isa = PBXSourcesBuildPhase;
			buildActionMask = 2147483647;
			files = (
				E86058632C2632500065BFBB /* MeliProjectTests.swift in Sources */,
			);
			runOnlyForDeploymentPostprocessing = 0;
		};
		E86058642C2632500065BFBB /* Sources */ = {
			isa = PBXSourcesBuildPhase;
			buildActionMask = 2147483647;
			files = (
				E860586D2C2632500065BFBB /* MeliProjectUITests.swift in Sources */,
				E860586F2C2632500065BFBB /* MeliProjectUITestsLaunchTests.swift in Sources */,
			);
			runOnlyForDeploymentPostprocessing = 0;
		};
/* End PBXSourcesBuildPhase section */

/* Begin PBXTargetDependency section */
		E86058602C2632500065BFBB /* PBXTargetDependency */ = {
			isa = PBXTargetDependency;
			target = E860584D2C26324F0065BFBB /* MeliProject */;
			targetProxy = E860585F2C2632500065BFBB /* PBXContainerItemProxy */;
		};
		E860586A2C2632500065BFBB /* PBXTargetDependency */ = {
			isa = PBXTargetDependency;
			target = E860584D2C26324F0065BFBB /* MeliProject */;
			targetProxy = E86058692C2632500065BFBB /* PBXContainerItemProxy */;
		};
/* End PBXTargetDependency section */

/* Begin XCBuildConfiguration section */
		E86058702C2632500065BFBB /* Debug */ = {
			isa = XCBuildConfiguration;
			buildSettings = {
				ALWAYS_SEARCH_USER_PATHS = NO;
				CLANG_ANALYZER_NONNULL = YES;
				CLANG_ANALYZER_NUMBER_OBJECT_CONVERSION = YES_AGGRESSIVE;
				CLANG_CXX_LANGUAGE_STANDARD = "gnu++20";
				CLANG_ENABLE_MODULES = YES;
				CLANG_ENABLE_OBJC_ARC = YES;
				CLANG_ENABLE_OBJC_WEAK = YES;
				CLANG_WARN_BLOCK_CAPTURE_AUTORELEASING = YES;
				CLANG_WARN_BOOL_CONVERSION = YES;
				CLANG_WARN_COMMA = YES;
				CLANG_WARN_CONSTANT_CONVERSION = YES;
				CLANG_WARN_DEPRECATED_OBJC_IMPLEMENTATIONS = YES;
				CLANG_WARN_DIRECT_OBJC_ISA_USAGE = YES_ERROR;
				CLANG_WARN_DOCUMENTATION_COMMENTS = YES;
				CLANG_WARN_EMPTY_BODY = YES;
				CLANG_WARN_ENUM_CONVERSION = YES;
				CLANG_WARN_INFINITE_RECURSION = YES;
				CLANG_WARN_INT_CONVERSION = YES;
				CLANG_WARN_NON_LITERAL_NULL_CONVERSION = YES;
				CLANG_WARN_OBJC_IMPLICIT_RETAIN_SELF = YES;
				CLANG_WARN_OBJC_LITERAL_CONVERSION = YES;
				CLANG_WARN_OBJC_ROOT_CLASS = YES_ERROR;
				CLANG_WARN_QUOTED_INCLUDE_IN_FRAMEWORK_HEADER = YES;
				CLANG_WARN_RANGE_LOOP_ANALYSIS = YES;
				CLANG_WARN_STRICT_PROTOTYPES = YES;
				CLANG_WARN_SUSPICIOUS_MOVE = YES;
				CLANG_WARN_UNGUARDED_AVAILABILITY = YES_AGGRESSIVE;
				CLANG_WARN_UNREACHABLE_CODE = YES;
				CLANG_WARN__DUPLICATE_METHOD_MATCH = YES;
				COPY_PHASE_STRIP = NO;
				DEBUG_INFORMATION_FORMAT = dwarf;
				ENABLE_STRICT_OBJC_MSGSEND = YES;
				ENABLE_TESTABILITY = YES;
				GCC_C_LANGUAGE_STANDARD = gnu11;
				GCC_DYNAMIC_NO_PIC = NO;
				GCC_NO_COMMON_BLOCKS = YES;
				GCC_OPTIMIZATION_LEVEL = 0;
				GCC_PREPROCESSOR_DEFINITIONS = (
					"DEBUG=1",
					"$(inherited)",
				);
				GCC_WARN_64_TO_32_BIT_CONVERSION = YES;
				GCC_WARN_ABOUT_RETURN_TYPE = YES_ERROR;
				GCC_WARN_UNDECLARED_SELECTOR = YES;
				GCC_WARN_UNINITIALIZED_AUTOS = YES_AGGRESSIVE;
				GCC_WARN_UNUSED_FUNCTION = YES;
				GCC_WARN_UNUSED_VARIABLE = YES;
				IPHONEOS_DEPLOYMENT_TARGET = 16.4;
				MTL_ENABLE_DEBUG_INFO = INCLUDE_SOURCE;
				MTL_FAST_MATH = YES;
				ONLY_ACTIVE_ARCH = YES;
				SDKROOT = iphoneos;
				SWIFT_ACTIVE_COMPILATION_CONDITIONS = DEBUG;
				SWIFT_OPTIMIZATION_LEVEL = "-Onone";
			};
			name = Debug;
		};
		E86058712C2632500065BFBB /* Release */ = {
			isa = XCBuildConfiguration;
			buildSettings = {
				ALWAYS_SEARCH_USER_PATHS = NO;
				CLANG_ANALYZER_NONNULL = YES;
				CLANG_ANALYZER_NUMBER_OBJECT_CONVERSION = YES_AGGRESSIVE;
				CLANG_CXX_LANGUAGE_STANDARD = "gnu++20";
				CLANG_ENABLE_MODULES = YES;
				CLANG_ENABLE_OBJC_ARC = YES;
				CLANG_ENABLE_OBJC_WEAK = YES;
				CLANG_WARN_BLOCK_CAPTURE_AUTORELEASING = YES;
				CLANG_WARN_BOOL_CONVERSION = YES;
				CLANG_WARN_COMMA = YES;
				CLANG_WARN_CONSTANT_CONVERSION = YES;
				CLANG_WARN_DEPRECATED_OBJC_IMPLEMENTATIONS = YES;
				CLANG_WARN_DIRECT_OBJC_ISA_USAGE = YES_ERROR;
				CLANG_WARN_DOCUMENTATION_COMMENTS = YES;
				CLANG_WARN_EMPTY_BODY = YES;
				CLANG_WARN_ENUM_CONVERSION = YES;
				CLANG_WARN_INFINITE_RECURSION = YES;
				CLANG_WARN_INT_CONVERSION = YES;
				CLANG_WARN_NON_LITERAL_NULL_CONVERSION = YES;
				CLANG_WARN_OBJC_IMPLICIT_RETAIN_SELF = YES;
				CLANG_WARN_OBJC_LITERAL_CONVERSION = YES;
				CLANG_WARN_OBJC_ROOT_CLASS = YES_ERROR;
				CLANG_WARN_QUOTED_INCLUDE_IN_FRAMEWORK_HEADER = YES;
				CLANG_WARN_RANGE_LOOP_ANALYSIS = YES;
				CLANG_WARN_STRICT_PROTOTYPES = YES;
				CLANG_WARN_SUSPICIOUS_MOVE = YES;
				CLANG_WARN_UNGUARDED_AVAILABILITY = YES_AGGRESSIVE;
				CLANG_WARN_UNREACHABLE_CODE = YES;
				CLANG_WARN__DUPLICATE_METHOD_MATCH = YES;
				COPY_PHASE_STRIP = NO;
				DEBUG_INFORMATION_FORMAT = "dwarf-with-dsym";
				ENABLE_NS_ASSERTIONS = NO;
				ENABLE_STRICT_OBJC_MSGSEND = YES;
				GCC_C_LANGUAGE_STANDARD = gnu11;
				GCC_NO_COMMON_BLOCKS = YES;
				GCC_WARN_64_TO_32_BIT_CONVERSION = YES;
				GCC_WARN_ABOUT_RETURN_TYPE = YES_ERROR;
				GCC_WARN_UNDECLARED_SELECTOR = YES;
				GCC_WARN_UNINITIALIZED_AUTOS = YES_AGGRESSIVE;
				GCC_WARN_UNUSED_FUNCTION = YES;
				GCC_WARN_UNUSED_VARIABLE = YES;
				IPHONEOS_DEPLOYMENT_TARGET = 16.4;
				MTL_ENABLE_DEBUG_INFO = NO;
				MTL_FAST_MATH = YES;
				SDKROOT = iphoneos;
				SWIFT_COMPILATION_MODE = wholemodule;
				SWIFT_OPTIMIZATION_LEVEL = "-O";
				VALIDATE_PRODUCT = YES;
			};
			name = Release;
		};
		E86058732C2632500065BFBB /* Debug */ = {
			isa = XCBuildConfiguration;
			baseConfigurationReference = BBBE6332A08BCCCF297224BA /* Pods-MeliProject.debug.xcconfig */;
			buildSettings = {
				API_BASE = "https://api.mercadolibre.com/";
				ASSETCATALOG_COMPILER_APPICON_NAME = AppIcon;
				ASSETCATALOG_COMPILER_GLOBAL_ACCENT_COLOR_NAME = AccentColor;
				CODE_SIGN_STYLE = Automatic;
				CURRENT_PROJECT_VERSION = 1;
				DEVELOPMENT_ASSET_PATHS = "\"MeliProject/Preview Content\"";
				DEVELOPMENT_TEAM = PNPC8948LP;
				ENABLE_PREVIEWS = YES;
				GENERATE_INFOPLIST_FILE = YES;
				INFOPLIST_KEY_UIApplicationSceneManifest_Generation = YES;
				INFOPLIST_KEY_UIApplicationSupportsIndirectInputEvents = YES;
				INFOPLIST_KEY_UILaunchScreen_Generation = YES;
				INFOPLIST_KEY_UISupportedInterfaceOrientations_iPad = "UIInterfaceOrientationPortrait UIInterfaceOrientationPortraitUpsideDown UIInterfaceOrientationLandscapeLeft UIInterfaceOrientationLandscapeRight";
				INFOPLIST_KEY_UISupportedInterfaceOrientations_iPhone = "UIInterfaceOrientationPortrait UIInterfaceOrientationLandscapeLeft UIInterfaceOrientationLandscapeRight";
				LD_RUNPATH_SEARCH_PATHS = (
					"$(inherited)",
					"@executable_path/Frameworks",
				);
				MARKETING_VERSION = 1.0;
				PATCH_BASE = sites/MLA/;
				PRODUCT_BUNDLE_IDENTIFIER = douglasAmorim.MeliProject;
				PRODUCT_NAME = "$(TARGET_NAME)";
				SWIFT_EMIT_LOC_STRINGS = YES;
				SWIFT_VERSION = 5.0;
				TARGETED_DEVICE_FAMILY = "1,2";
			};
			name = Debug;
		};
		E86058742C2632500065BFBB /* Release */ = {
			isa = XCBuildConfiguration;
			baseConfigurationReference = 27895B1B763581EF7A95F669 /* Pods-MeliProject.release.xcconfig */;
			buildSettings = {
				API_BASE = "https://api.mercadolibre.com/";
				ASSETCATALOG_COMPILER_APPICON_NAME = AppIcon;
				ASSETCATALOG_COMPILER_GLOBAL_ACCENT_COLOR_NAME = AccentColor;
				CODE_SIGN_STYLE = Automatic;
				CURRENT_PROJECT_VERSION = 1;
				DEVELOPMENT_ASSET_PATHS = "\"MeliProject/Preview Content\"";
				DEVELOPMENT_TEAM = PNPC8948LP;
				ENABLE_PREVIEWS = YES;
				GENERATE_INFOPLIST_FILE = YES;
				INFOPLIST_KEY_UIApplicationSceneManifest_Generation = YES;
				INFOPLIST_KEY_UIApplicationSupportsIndirectInputEvents = YES;
				INFOPLIST_KEY_UILaunchScreen_Generation = YES;
				INFOPLIST_KEY_UISupportedInterfaceOrientations_iPad = "UIInterfaceOrientationPortrait UIInterfaceOrientationPortraitUpsideDown UIInterfaceOrientationLandscapeLeft UIInterfaceOrientationLandscapeRight";
				INFOPLIST_KEY_UISupportedInterfaceOrientations_iPhone = "UIInterfaceOrientationPortrait UIInterfaceOrientationLandscapeLeft UIInterfaceOrientationLandscapeRight";
				LD_RUNPATH_SEARCH_PATHS = (
					"$(inherited)",
					"@executable_path/Frameworks",
				);
				MARKETING_VERSION = 1.0;
				PATCH_BASE = sites/MLA/;
				PRODUCT_BUNDLE_IDENTIFIER = douglasAmorim.MeliProject;
				PRODUCT_NAME = "$(TARGET_NAME)";
				SWIFT_EMIT_LOC_STRINGS = YES;
				SWIFT_VERSION = 5.0;
				TARGETED_DEVICE_FAMILY = "1,2";
			};
			name = Release;
		};
		E86058762C2632500065BFBB /* Debug */ = {
			isa = XCBuildConfiguration;
			baseConfigurationReference = FB3AE69C7FE7A6FBCB0C0F7B /* Pods-MeliProjectTests.debug.xcconfig */;
			buildSettings = {
				ALWAYS_EMBED_SWIFT_STANDARD_LIBRARIES = YES;
				BUNDLE_LOADER = "$(TEST_HOST)";
				CODE_SIGN_STYLE = Automatic;
				CURRENT_PROJECT_VERSION = 1;
				DEVELOPMENT_TEAM = PNPC8948LP;
				GENERATE_INFOPLIST_FILE = YES;
				IPHONEOS_DEPLOYMENT_TARGET = 16.4;
				MARKETING_VERSION = 1.0;
				PRODUCT_BUNDLE_IDENTIFIER = douglasAmorim.MeliProjectTests;
				PRODUCT_NAME = "$(TARGET_NAME)";
				SWIFT_EMIT_LOC_STRINGS = NO;
				SWIFT_VERSION = 5.0;
				TARGETED_DEVICE_FAMILY = "1,2";
				TEST_HOST = "$(BUILT_PRODUCTS_DIR)/MeliProject.app/$(BUNDLE_EXECUTABLE_FOLDER_PATH)/MeliProject";
			};
			name = Debug;
		};
		E86058772C2632500065BFBB /* Release */ = {
			isa = XCBuildConfiguration;
			baseConfigurationReference = C6E45E9C5F855DFE83456E1D /* Pods-MeliProjectTests.release.xcconfig */;
			buildSettings = {
				ALWAYS_EMBED_SWIFT_STANDARD_LIBRARIES = YES;
				BUNDLE_LOADER = "$(TEST_HOST)";
				CODE_SIGN_STYLE = Automatic;
				CURRENT_PROJECT_VERSION = 1;
				DEVELOPMENT_TEAM = PNPC8948LP;
				GENERATE_INFOPLIST_FILE = YES;
				IPHONEOS_DEPLOYMENT_TARGET = 16.4;
				MARKETING_VERSION = 1.0;
				PRODUCT_BUNDLE_IDENTIFIER = douglasAmorim.MeliProjectTests;
				PRODUCT_NAME = "$(TARGET_NAME)";
				SWIFT_EMIT_LOC_STRINGS = NO;
				SWIFT_VERSION = 5.0;
				TARGETED_DEVICE_FAMILY = "1,2";
				TEST_HOST = "$(BUILT_PRODUCTS_DIR)/MeliProject.app/$(BUNDLE_EXECUTABLE_FOLDER_PATH)/MeliProject";
			};
			name = Release;
		};
		E86058792C2632500065BFBB /* Debug */ = {
			isa = XCBuildConfiguration;
			baseConfigurationReference = 7E6C482FCD3C543897FB4463 /* Pods-MeliProject-MeliProjectUITests.debug.xcconfig */;
			buildSettings = {
				ALWAYS_EMBED_SWIFT_STANDARD_LIBRARIES = YES;
				CODE_SIGN_STYLE = Automatic;
				CURRENT_PROJECT_VERSION = 1;
				DEVELOPMENT_TEAM = PNPC8948LP;
				GENERATE_INFOPLIST_FILE = YES;
				MARKETING_VERSION = 1.0;
				PRODUCT_BUNDLE_IDENTIFIER = douglasAmorim.MeliProjectUITests;
				PRODUCT_NAME = "$(TARGET_NAME)";
				SWIFT_EMIT_LOC_STRINGS = NO;
				SWIFT_VERSION = 5.0;
				TARGETED_DEVICE_FAMILY = "1,2";
				TEST_TARGET_NAME = MeliProject;
			};
			name = Debug;
		};
		E860587A2C2632500065BFBB /* Release */ = {
			isa = XCBuildConfiguration;
			baseConfigurationReference = E74C22ECAD32BE5CC10E949C /* Pods-MeliProject-MeliProjectUITests.release.xcconfig */;
			buildSettings = {
				ALWAYS_EMBED_SWIFT_STANDARD_LIBRARIES = YES;
				CODE_SIGN_STYLE = Automatic;
				CURRENT_PROJECT_VERSION = 1;
				DEVELOPMENT_TEAM = PNPC8948LP;
				GENERATE_INFOPLIST_FILE = YES;
				MARKETING_VERSION = 1.0;
				PRODUCT_BUNDLE_IDENTIFIER = douglasAmorim.MeliProjectUITests;
				PRODUCT_NAME = "$(TARGET_NAME)";
				SWIFT_EMIT_LOC_STRINGS = NO;
				SWIFT_VERSION = 5.0;
				TARGETED_DEVICE_FAMILY = "1,2";
				TEST_TARGET_NAME = MeliProject;
			};
			name = Release;
		};
/* End XCBuildConfiguration section */

/* Begin XCConfigurationList section */
		E86058492C26324F0065BFBB /* Build configuration list for PBXProject "MeliProject" */ = {
			isa = XCConfigurationList;
			buildConfigurations = (
				E86058702C2632500065BFBB /* Debug */,
				E86058712C2632500065BFBB /* Release */,
			);
			defaultConfigurationIsVisible = 0;
			defaultConfigurationName = Release;
		};
		E86058722C2632500065BFBB /* Build configuration list for PBXNativeTarget "MeliProject" */ = {
			isa = XCConfigurationList;
			buildConfigurations = (
				E86058732C2632500065BFBB /* Debug */,
				E86058742C2632500065BFBB /* Release */,
			);
			defaultConfigurationIsVisible = 0;
			defaultConfigurationName = Release;
		};
		E86058752C2632500065BFBB /* Build configuration list for PBXNativeTarget "MeliProjectTests" */ = {
			isa = XCConfigurationList;
			buildConfigurations = (
				E86058762C2632500065BFBB /* Debug */,
				E86058772C2632500065BFBB /* Release */,
			);
			defaultConfigurationIsVisible = 0;
			defaultConfigurationName = Release;
		};
		E86058782C2632500065BFBB /* Build configuration list for PBXNativeTarget "MeliProjectUITests" */ = {
			isa = XCConfigurationList;
			buildConfigurations = (
				E86058792C2632500065BFBB /* Debug */,
				E860587A2C2632500065BFBB /* Release */,
			);
			defaultConfigurationIsVisible = 0;
			defaultConfigurationName = Release;
		};
/* End XCConfigurationList section */
	};
	rootObject = E86058462C26324F0065BFBB /* Project object */;
}
